{
  "version": 4,
  "terraform_version": "0.12.7",
  "serial": 22,
  "lineage": "0ebbe186-f2a0-7949-a9b1-63b868853803",
  "outputs": {
    "app_external_ip": {
      "value": "130.211.55.198",
      "type": "string"
    }
  },
  "resources": [
    {
      "mode": "managed",
      "type": "google_compute_firewall",
      "name": "firewall_puma",
      "provider": "provider.google",
      "instances": [
        {
          "schema_version": 1,
          "attributes": {
            "allow": [
              {
                "ports": [
                  "9292"
                ],
                "protocol": "tcp"
              }
            ],
            "creation_timestamp": "2019-08-30T05:08:22.084-07:00",
            "deny": [],
            "description": "",
            "destination_ranges": [],
            "direction": "INGRESS",
            "disabled": false,
            "id": "allow-puma-default",
            "name": "allow-puma-default",
            "network": "https://www.googleapis.com/compute/v1/projects/carbon-storm-251210/global/networks/default",
            "priority": 1000,
            "project": "carbon-storm-251210",
            "self_link": "https://www.googleapis.com/compute/v1/projects/carbon-storm-251210/global/firewalls/allow-puma-default",
            "source_ranges": [
              "0.0.0.0/0"
            ],
            "source_service_accounts": null,
            "source_tags": null,
            "target_service_accounts": null,
            "target_tags": [
              "reddit-app"
            ],
            "timeouts": null
          },
          "private": "eyJlMmJmYjczMC1lY2FhLTExZTYtOGY4OC0zNDM2M2JjN2M0YzAiOnsiY3JlYXRlIjoyNDAwMDAwMDAwMDAsImRlbGV0ZSI6MjQwMDAwMDAwMDAwLCJ1cGRhdGUiOjI0MDAwMDAwMDAwMH0sInNjaGVtYV92ZXJzaW9uIjoiMSJ9"
        }
      ]
    },
    {
      "mode": "managed",
      "type": "google_compute_instance",
      "name": "app",
      "provider": "provider.google",
      "instances": [
        {
          "schema_version": 6,
          "attributes": {
            "allow_stopping_for_update": null,
            "attached_disk": [],
            "boot_disk": [
              {
                "auto_delete": true,
                "device_name": "persistent-disk-0",
                "disk_encryption_key_raw": "",
                "disk_encryption_key_sha256": "",
                "initialize_params": [
                  {
                    "image": "https://www.googleapis.com/compute/v1/projects/carbon-storm-251210/global/images/reddit-base-1567082938",
                    "size": 10,
                    "type": "pd-standard"
                  }
                ],
                "source": "https://www.googleapis.com/compute/v1/projects/carbon-storm-251210/zones/europe-west1-b/disks/reddit-app"
              }
            ],
            "can_ip_forward": false,
            "cpu_platform": "Intel Haswell",
            "deletion_protection": false,
            "description": null,
            "disk": [],
            "guest_accelerator": [],
            "hostname": "",
            "id": "reddit-app",
            "instance_id": "6291202534715731801",
            "label_fingerprint": "42WmSpB8rSM=",
            "labels": null,
            "machine_type": "g1-small",
            "metadata": {
              "ssh-keys": "aleb:ssh-rsa AAAAB3NzaC1yc2EAAAADAQABAAABAQDcWtuFtUEsWj2+WuoeWY2ma5WwXhkr8LwELnYVbcfpD5IC+6zxmW3R8ywsmYIg+vuHizFE/PRu5wnzs7ylMr7lRXtmrnsb6VBH76pjoOvxUoWFtxJBe9cL+iTQn7Y0Bxmtno9GzbZQ6I1kuvyN8zewTGmf1vRkkExxjR18WWdoH8OEUBYShZsi2sjxCU1MBLFg/P0bAjwU+8NfKs7mB1HU9NHFIrgdiGKXyq5RHhd1X7mm14ivLJUq2IZBjPGhfTNcZ5m8zTHkDjI/qmVrV2qNjlChPhr1+Pc/gB5UZWZAkPxjFhrNNoUaZlVpbnf00qnOKK0gNXkZExO20401G1W7 aleb@debian\n"
            },
            "metadata_fingerprint": "vfOJ23niR4k=",
            "metadata_startup_script": "",
            "min_cpu_platform": "",
            "name": "reddit-app",
            "network_interface": [
              {
                "access_config": [
                  {
                    "assigned_nat_ip": "",
                    "nat_ip": "130.211.55.198",
                    "network_tier": "PREMIUM",
                    "public_ptr_domain_name": ""
                  }
                ],
                "address": "",
                "alias_ip_range": [],
                "name": "nic0",
                "network": "https://www.googleapis.com/compute/v1/projects/carbon-storm-251210/global/networks/default",
                "network_ip": "10.132.0.8",
                "subnetwork": "https://www.googleapis.com/compute/v1/projects/carbon-storm-251210/regions/europe-west1/subnetworks/default",
                "subnetwork_project": "carbon-storm-251210"
              }
            ],
            "project": "carbon-storm-251210",
            "scheduling": [
              {
                "automatic_restart": true,
                "on_host_maintenance": "MIGRATE",
                "preemptible": false
              }
            ],
            "scratch_disk": [],
            "self_link": "https://www.googleapis.com/compute/v1/projects/carbon-storm-251210/zones/europe-west1-b/instances/reddit-app",
            "service_account": [],
            "tags": [
              "reddit-app"
            ],
            "tags_fingerprint": "M-ggixIz-AU=",
            "timeouts": null,
            "zone": "europe-west1-b"
          },
          "private": "eyJlMmJmYjczMC1lY2FhLTExZTYtOGY4OC0zNDM2M2JjN2M0YzAiOnsiY3JlYXRlIjozNjAwMDAwMDAwMDAsImRlbGV0ZSI6MzYwMDAwMDAwMDAwLCJ1cGRhdGUiOjM2MDAwMDAwMDAwMH0sInNjaGVtYV92ZXJzaW9uIjoiNiJ9"
        }
      ]
    }
  ]
}
